// !$*UTF8*$!
{
	archiveVersion = 1;
	classes = {
	};
	objectVersion = 46;
	objects = {

/* Begin PBXBuildFile section */
		846D05801E0D3893005A53A2 /* AppDelegate.swift in Sources */ = {isa = PBXBuildFile; fileRef = 846D057F1E0D3893005A53A2 /* AppDelegate.swift */; };
		846D05821E0D3893005A53A2 /* ViewController.swift in Sources */ = {isa = PBXBuildFile; fileRef = 846D05811E0D3893005A53A2 /* ViewController.swift */; };
		846D05851E0D3893005A53A2 /* Main.storyboard in Resources */ = {isa = PBXBuildFile; fileRef = 846D05831E0D3893005A53A2 /* Main.storyboard */; };
		846D05871E0D3893005A53A2 /* Assets.xcassets in Resources */ = {isa = PBXBuildFile; fileRef = 846D05861E0D3893005A53A2 /* Assets.xcassets */; };
		846D058A1E0D3893005A53A2 /* LaunchScreen.storyboard in Resources */ = {isa = PBXBuildFile; fileRef = 846D05881E0D3893005A53A2 /* LaunchScreen.storyboard */; };
		846D059E1E0D38B5005A53A2 /* LNLoginSDK.m in Sources */ = {isa = PBXBuildFile; fileRef = 846D05931E0D38B5005A53A2 /* LNLoginSDK.m */; };
		846D059F1E0D38B5005A53A2 /* Login.storyboard in Resources */ = {isa = PBXBuildFile; fileRef = 846D05951E0D38B5005A53A2 /* Login.storyboard */; };
		846D05A01E0D38B5005A53A2 /* LoginViewController.swift in Sources */ = {isa = PBXBuildFile; fileRef = 846D05961E0D38B5005A53A2 /* LoginViewController.swift */; };
		846D05A11E0D38B5005A53A2 /* LNMBProgressHUD.m in Sources */ = {isa = PBXBuildFile; fileRef = 846D059A1E0D38B5005A53A2 /* LNMBProgressHUD.m */; };
		846D05A21E0D38B5005A53A2 /* LNConstans.swift in Sources */ = {isa = PBXBuildFile; fileRef = 846D059C1E0D38B5005A53A2 /* LNConstans.swift */; };
		846D05A31E0D38B5005A53A2 /* ToastUtil.swift in Sources */ = {isa = PBXBuildFile; fileRef = 846D059D1E0D38B5005A53A2 /* ToastUtil.swift */; };
/* End PBXBuildFile section */

/* Begin PBXFileReference section */
		846D057C1E0D3893005A53A2 /* LNLoginSource.app */ = {isa = PBXFileReference; explicitFileType = wrapper.application; includeInIndex = 0; path = LNLoginSource.app; sourceTree = BUILT_PRODUCTS_DIR; };
		846D057F1E0D3893005A53A2 /* AppDelegate.swift */ = {isa = PBXFileReference; lastKnownFileType = sourcecode.swift; path = AppDelegate.swift; sourceTree = "<group>"; };
		846D05811E0D3893005A53A2 /* ViewController.swift */ = {isa = PBXFileReference; lastKnownFileType = sourcecode.swift; path = ViewController.swift; sourceTree = "<group>"; };
		846D05841E0D3893005A53A2 /* Base */ = {isa = PBXFileReference; lastKnownFileType = file.storyboard; name = Base; path = Base.lproj/Main.storyboard; sourceTree = "<group>"; };
		846D05861E0D3893005A53A2 /* Assets.xcassets */ = {isa = PBXFileReference; lastKnownFileType = folder.assetcatalog; path = Assets.xcassets; sourceTree = "<group>"; };
		846D05891E0D3893005A53A2 /* Base */ = {isa = PBXFileReference; lastKnownFileType = file.storyboard; name = Base; path = Base.lproj/LaunchScreen.storyboard; sourceTree = "<group>"; };
		846D058B1E0D3893005A53A2 /* Info.plist */ = {isa = PBXFileReference; lastKnownFileType = text.plist.xml; path = Info.plist; sourceTree = "<group>"; };
		846D05921E0D38B5005A53A2 /* LNLoginSDK.h */ = {isa = PBXFileReference; fileEncoding = 4; lastKnownFileType = sourcecode.c.h; path = LNLoginSDK.h; sourceTree = "<group>"; };
		846D05931E0D38B5005A53A2 /* LNLoginSDK.m */ = {isa = PBXFileReference; fileEncoding = 4; lastKnownFileType = sourcecode.c.objc; path = LNLoginSDK.m; sourceTree = "<group>"; };
		846D05951E0D38B5005A53A2 /* Login.storyboard */ = {isa = PBXFileReference; fileEncoding = 4; lastKnownFileType = file.storyboard; path = Login.storyboard; sourceTree = "<group>"; };
		846D05961E0D38B5005A53A2 /* LoginViewController.swift */ = {isa = PBXFileReference; fileEncoding = 4; lastKnownFileType = sourcecode.swift; path = LoginViewController.swift; sourceTree = "<group>"; };
		846D05991E0D38B5005A53A2 /* LNMBProgressHUD.h */ = {isa = PBXFileReference; fileEncoding = 4; lastKnownFileType = sourcecode.c.h; path = LNMBProgressHUD.h; sourceTree = "<group>"; };
		846D059A1E0D38B5005A53A2 /* LNMBProgressHUD.m */ = {isa = PBXFileReference; fileEncoding = 4; lastKnownFileType = sourcecode.c.objc; path = LNMBProgressHUD.m; sourceTree = "<group>"; };
		846D059C1E0D38B5005A53A2 /* LNConstans.swift */ = {isa = PBXFileReference; fileEncoding = 4; lastKnownFileType = sourcecode.swift; path = LNConstans.swift; sourceTree = "<group>"; };
		846D059D1E0D38B5005A53A2 /* ToastUtil.swift */ = {isa = PBXFileReference; fileEncoding = 4; lastKnownFileType = sourcecode.swift; path = ToastUtil.swift; sourceTree = "<group>"; };
		846D05A41E0D38E0005A53A2 /* LNLoginResource-Bridging-Header.h */ = {isa = PBXFileReference; fileEncoding = 4; lastKnownFileType = sourcecode.c.h; path = "LNLoginResource-Bridging-Header.h"; sourceTree = "<group>"; };
/* End PBXFileReference section */

/* Begin PBXFrameworksBuildPhase section */
		846D05791E0D3893005A53A2 /* Frameworks */ = {
			isa = PBXFrameworksBuildPhase;
			buildActionMask = 2147483647;
			files = (
			);
			runOnlyForDeploymentPostprocessing = 0;
		};
/* End PBXFrameworksBuildPhase section */

/* Begin PBXGroup section */
		846D05731E0D3893005A53A2 = {
			isa = PBXGroup;
			children = (
				846D057E1E0D3893005A53A2 /* LNLoginSource */,
				846D057D1E0D3893005A53A2 /* Products */,
			);
			sourceTree = "<group>";
		};
		846D057D1E0D3893005A53A2 /* Products */ = {
			isa = PBXGroup;
			children = (
				846D057C1E0D3893005A53A2 /* LNLoginSource.app */,
			);
			name = Products;
			sourceTree = "<group>";
		};
		846D057E1E0D3893005A53A2 /* LNLoginSource */ = {
			isa = PBXGroup;
			children = (
				846D05A41E0D38E0005A53A2 /* LNLoginResource-Bridging-Header.h */,
				846D05911E0D38B5005A53A2 /* Classes */,
				846D057F1E0D3893005A53A2 /* AppDelegate.swift */,
				846D05811E0D3893005A53A2 /* ViewController.swift */,
				846D05831E0D3893005A53A2 /* Main.storyboard */,
				846D05861E0D3893005A53A2 /* Assets.xcassets */,
				846D05881E0D3893005A53A2 /* LaunchScreen.storyboard */,
				846D058B1E0D3893005A53A2 /* Info.plist */,
			);
			path = LNLoginSource;
			sourceTree = "<group>";
		};
		846D05911E0D38B5005A53A2 /* Classes */ = {
			isa = PBXGroup;
			children = (
				846D05921E0D38B5005A53A2 /* LNLoginSDK.h */,
				846D05931E0D38B5005A53A2 /* LNLoginSDK.m */,
				846D05941E0D38B5005A53A2 /* Login */,
				846D05971E0D38B5005A53A2 /* ThridParty */,
				846D059B1E0D38B5005A53A2 /* Util */,
			);
			path = Classes;
			sourceTree = "<group>";
		};
		846D05941E0D38B5005A53A2 /* Login */ = {
			isa = PBXGroup;
			children = (
				846D05951E0D38B5005A53A2 /* Login.storyboard */,
				846D05961E0D38B5005A53A2 /* LoginViewController.swift */,
			);
			path = Login;
			sourceTree = "<group>";
		};
		846D05971E0D38B5005A53A2 /* ThridParty */ = {
			isa = PBXGroup;
			children = (
				846D05981E0D38B5005A53A2 /* LNMBProgressHUD */,
			);
			path = ThridParty;
			sourceTree = "<group>";
		};
		846D05981E0D38B5005A53A2 /* LNMBProgressHUD */ = {
			isa = PBXGroup;
			children = (
				846D05991E0D38B5005A53A2 /* LNMBProgressHUD.h */,
				846D059A1E0D38B5005A53A2 /* LNMBProgressHUD.m */,
			);
			path = LNMBProgressHUD;
			sourceTree = "<group>";
		};
		846D059B1E0D38B5005A53A2 /* Util */ = {
			isa = PBXGroup;
			children = (
				846D059C1E0D38B5005A53A2 /* LNConstans.swift */,
				846D059D1E0D38B5005A53A2 /* ToastUtil.swift */,
			);
			path = Util;
			sourceTree = "<group>";
		};
/* End PBXGroup section */

/* Begin PBXNativeTarget section */
		846D057B1E0D3893005A53A2 /* LNLoginSource */ = {
			isa = PBXNativeTarget;
			buildConfigurationList = 846D058E1E0D3893005A53A2 /* Build configuration list for PBXNativeTarget "LNLoginSource" */;
			buildPhases = (
				846D05781E0D3893005A53A2 /* Sources */,
				846D05791E0D3893005A53A2 /* Frameworks */,
				846D057A1E0D3893005A53A2 /* Resources */,
			);
			buildRules = (
			);
			dependencies = (
			);
			name = LNLoginSource;
			productName = LNLoginSource;
			productReference = 846D057C1E0D3893005A53A2 /* LNLoginSource.app */;
			productType = "com.apple.product-type.application";
		};
/* End PBXNativeTarget section */

/* Begin PBXProject section */
		846D05741E0D3893005A53A2 /* Project object */ = {
			isa = PBXProject;
			attributes = {
				LastSwiftUpdateCheck = 0820;
				LastUpgradeCheck = 0820;
				ORGANIZATIONNAME = LN;
				TargetAttributes = {
					846D057B1E0D3893005A53A2 = {
						CreatedOnToolsVersion = 8.2;
						DevelopmentTeam = 95BEHJJ986;
						ProvisioningStyle = Automatic;
					};
				};
			};
			buildConfigurationList = 846D05771E0D3893005A53A2 /* Build configuration list for PBXProject "LNLoginSource" */;
			compatibilityVersion = "Xcode 3.2";
			developmentRegion = English;
			hasScannedForEncodings = 0;
			knownRegions = (
				en,
				Base,
			);
			mainGroup = 846D05731E0D3893005A53A2;
			productRefGroup = 846D057D1E0D3893005A53A2 /* Products */;
			projectDirPath = "";
			projectRoot = "";
			targets = (
				846D057B1E0D3893005A53A2 /* LNLoginSource */,
			);
		};
/* End PBXProject section */

/* Begin PBXResourcesBuildPhase section */
		846D057A1E0D3893005A53A2 /* Resources */ = {
			isa = PBXResourcesBuildPhase;
			buildActionMask = 2147483647;
			files = (
				846D059F1E0D38B5005A53A2 /* Login.storyboard in Resources */,
				846D058A1E0D3893005A53A2 /* LaunchScreen.storyboard in Resources */,
				846D05871E0D3893005A53A2 /* Assets.xcassets in Resources */,
				846D05851E0D3893005A53A2 /* Main.storyboard in Resources */,
			);
			runOnlyForDeploymentPostprocessing = 0;
		};
/* End PBXResourcesBuildPhase section */

/* Begin PBXSourcesBuildPhase section */
		846D05781E0D3893005A53A2 /* Sources */ = {
			isa = PBXSourcesBuildPhase;
			buildActionMask = 2147483647;
			files = (
				846D05A21E0D38B5005A53A2 /* LNConstans.swift in Sources */,
				846D05A01E0D38B5005A53A2 /* LoginViewController.swift in Sources */,
				846D05A31E0D38B5005A53A2 /* ToastUtil.swift in Sources */,
				846D059E1E0D38B5005A53A2 /* LNLoginSDK.m in Sources */,
				846D05821E0D3893005A53A2 /* ViewController.swift in Sources */,
				846D05801E0D3893005A53A2 /* AppDelegate.swift in Sources */,
				846D05A11E0D38B5005A53A2 /* LNMBProgressHUD.m in Sources */,
			);
			runOnlyForDeploymentPostprocessing = 0;
		};
/* End PBXSourcesBuildPhase section */

/* Begin PBXVariantGroup section */
		846D05831E0D3893005A53A2 /* Main.storyboard */ = {
			isa = PBXVariantGroup;
			children = (
				846D05841E0D3893005A53A2 /* Base */,
			);
			name = Main.storyboard;
			sourceTree = "<group>";
		};
		846D05881E0D3893005A53A2 /* LaunchScreen.storyboard */ = {
			isa = PBXVariantGroup;
			children = (
				846D05891E0D3893005A53A2 /* Base */,
			);
			name = LaunchScreen.storyboard;
			sourceTree = "<group>";
		};
/* End PBXVariantGroup section */

/* Begin XCBuildConfiguration section */
		846D058C1E0D3893005A53A2 /* Debug */ = {
			isa = XCBuildConfiguration;
			buildSettings = {
				ALWAYS_SEARCH_USER_PATHS = NO;
				CLANG_ANALYZER_NONNULL = YES;
				CLANG_CXX_LANGUAGE_STANDARD = "gnu++0x";
				CLANG_CXX_LIBRARY = "libc++";
				CLANG_ENABLE_MODULES = YES;
				CLANG_ENABLE_OBJC_ARC = YES;
				CLANG_WARN_BOOL_CONVERSION = YES;
				CLANG_WARN_CONSTANT_CONVERSION = YES;
				CLANG_WARN_DIRECT_OBJC_ISA_USAGE = YES_ERROR;
				CLANG_WARN_DOCUMENTATION_COMMENTS = YES;
				CLANG_WARN_EMPTY_BODY = YES;
				CLANG_WARN_ENUM_CONVERSION = YES;
				CLANG_WARN_INFINITE_RECURSION = YES;
				CLANG_WARN_INT_CONVERSION = YES;
				CLANG_WARN_OBJC_ROOT_CLASS = YES_ERROR;
				CLANG_WARN_SUSPICIOUS_MOVE = YES;
				CLANG_WARN_UNREACHABLE_CODE = YES;
				CLANG_WARN__DUPLICATE_METHOD_MATCH = YES;
				"CODE_SIGN_IDENTITY[sdk=iphoneos*]" = "iPhone Developer";
				COPY_PHASE_STRIP = NO;
				DEBUG_INFORMATION_FORMAT = dwarf;
				ENABLE_STRICT_OBJC_MSGSEND = YES;
				ENABLE_TESTABILITY = YES;
				GCC_C_LANGUAGE_STANDARD = gnu99;
				GCC_DYNAMIC_NO_PIC = NO;
				GCC_NO_COMMON_BLOCKS = YES;
				GCC_OPTIMIZATION_LEVEL = 0;
				GCC_PREPROCESSOR_DEFINITIONS = (
					"DEBUG=1",
					"$(inherited)",
				);
				GCC_WARN_64_TO_32_BIT_CONVERSION = YES;
				GCC_WARN_ABOUT_RETURN_TYPE = YES_ERROR;
				GCC_WARN_UNDECLARED_SELECTOR = YES;
				GCC_WARN_UNINITIALIZED_AUTOS = YES_AGGRESSIVE;
				GCC_WARN_UNUSED_FUNCTION = YES;
				GCC_WARN_UNUSED_VARIABLE = YES;
				IPHONEOS_DEPLOYMENT_TARGET = 10.2;
				MTL_ENABLE_DEBUG_INFO = YES;
				ONLY_ACTIVE_ARCH = YES;
				SDKROOT = iphoneos;
				SWIFT_ACTIVE_COMPILATION_CONDITIONS = DEBUG;
				SWIFT_OPTIMIZATION_LEVEL = "-Onone";
			};
			name = Debug;
		};
		846D058D1E0D3893005A53A2 /* Release */ = {
			isa = XCBuildConfiguration;
			buildSettings = {
				ALWAYS_SEARCH_USER_PATHS = NO;
				CLANG_ANALYZER_NONNULL = YES;
				CLANG_CXX_LANGUAGE_STANDARD = "gnu++0x";
				CLANG_CXX_LIBRARY = "libc++";
				CLANG_ENABLE_MODULES = YES;
				CLANG_ENABLE_OBJC_ARC = YES;
				CLANG_WARN_BOOL_CONVERSION = YES;
				CLANG_WARN_CONSTANT_CONVERSION = YES;
				CLANG_WARN_DIRECT_OBJC_ISA_USAGE = YES_ERROR;
				CLANG_WARN_DOCUMENTATION_COMMENTS = YES;
				CLANG_WARN_EMPTY_BODY = YES;
				CLANG_WARN_ENUM_CONVERSION = YES;
				CLANG_WARN_INFINITE_RECURSION = YES;
				CLANG_WARN_INT_CONVERSION = YES;
				CLANG_WARN_OBJC_ROOT_CLASS = YES_ERROR;
				CLANG_WARN_SUSPICIOUS_MOVE = YES;
				CLANG_WARN_UNREACHABLE_CODE = YES;
				CLANG_WARN__DUPLICATE_METHOD_MATCH = YES;
				"CODE_SIGN_IDENTITY[sdk=iphoneos*]" = "iPhone Developer";
				COPY_PHASE_STRIP = NO;
				DEBUG_INFORMATION_FORMAT = "dwarf-with-dsym";
				ENABLE_NS_ASSERTIONS = NO;
				ENABLE_STRICT_OBJC_MSGSEND = YES;
				GCC_C_LANGUAGE_STANDARD = gnu99;
				GCC_NO_COMMON_BLOCKS = YES;
				GCC_WARN_64_TO_32_BIT_CONVERSION = YES;
				GCC_WARN_ABOUT_RETURN_TYPE = YES_ERROR;
				GCC_WARN_UNDECLARED_SELECTOR = YES;
				GCC_WARN_UNINITIALIZED_AUTOS = YES_AGGRESSIVE;
				GCC_WARN_UNUSED_FUNCTION = YES;
				GCC_WARN_UNUSED_VARIABLE = YES;
				IPHONEOS_DEPLOYMENT_TARGET = 10.2;
				MTL_ENABLE_DEBUG_INFO = NO;
				SDKROOT = iphoneos;
				SWIFT_OPTIMIZATION_LEVEL = "-Owholemodule";
				VALIDATE_PRODUCT = YES;
			};
			name = Release;
		};
		846D058F1E0D3893005A53A2 /* Debug */ = {
			isa = XCBuildConfiguration;
			buildSettings = {
				ASSETCATALOG_COMPILER_APPICON_NAME = AppIcon;
				DEVELOPMENT_TEAM = 95BEHJJ986;
				INFOPLIST_FILE = LNLoginSource/Info.plist;
				LD_RUNPATH_SEARCH_PATHS = "$(inherited) @executable_path/Frameworks";
				PRODUCT_BUNDLE_IDENTIFIER = com.ln.LNLoginSource;
				PRODUCT_NAME = "$(TARGET_NAME)";
				SWIFT_OBJC_BRIDGING_HEADER = "LNLoginSource/LNLoginResource-Bridging-Header.h";
				SWIFT_VERSION = 3.0;
			};
			name = Debug;
		};
		846D05901E0D3893005A53A2 /* Release */ = {
			isa = XCBuildConfiguration;
			buildSettings = {
				ASSETCATALOG_COMPILER_APPICON_NAME = AppIcon;
				DEVELOPMENT_TEAM = 95BEHJJ986;
				INFOPLIST_FILE = LNLoginSource/Info.plist;
				LD_RUNPATH_SEARCH_PATHS = "$(inherited) @executable_path/Frameworks";
				PRODUCT_BUNDLE_IDENTIFIER = com.ln.LNLoginSource;
				PRODUCT_NAME = "$(TARGET_NAME)";
				SWIFT_OBJC_BRIDGING_HEADER = "LNLoginSource/LNLoginResource-Bridging-Header.h";
				SWIFT_VERSION = 3.0;
			};
			name = Release;
		};
/* End XCBuildConfiguration section */

/* Begin XCConfigurationList section */
		846D05771E0D3893005A53A2 /* Build configuration list for PBXProject "LNLoginSource" */ = {
			isa = XCConfigurationList;
			buildConfigurations = (
				846D058C1E0D3893005A53A2 /* Debug */,
				846D058D1E0D3893005A53A2 /* Release */,
			);
			defaultConfigurationIsVisible = 0;
			defaultConfigurationName = Release;
		};
		846D058E1E0D3893005A53A2 /* Build configuration list for PBXNativeTarget "LNLoginSource" */ = {
			isa = XCConfigurationList;
			buildConfigurations = (
				846D058F1E0D3893005A53A2 /* Debug */,
				846D05901E0D3893005A53A2 /* Release */,
			);
			defaultConfigurationIsVisible = 0;
		};
/* End XCConfigurationList section */
	};
	rootObject = 846D05741E0D3893005A53A2 /* Project object */;
}
