// !$*UTF8*$!
{
	archiveVersion = 1;
	classes = {
	};
	objectVersion = 46;
	objects = {

/* Begin PBXBuildFile section */
		84ADBB2D1E0D4E17008BC8B6 /* Login.storyboard in Resources */ = {isa = PBXBuildFile; fileRef = 84ADBB2C1E0D4E17008BC8B6 /* Login.storyboard */; };
		84C200021E113A520006F985 /* Assets.xcassets in Resources */ = {isa = PBXBuildFile; fileRef = 84C200011E113A520006F985 /* Assets.xcassets */; };
/* End PBXBuildFile section */

/* Begin PBXFileReference section */
		846D05D51E0D3F58005A53A2 /* LNLoginKit.bundle */ = {isa = PBXFileReference; explicitFileType = wrapper.cfbundle; includeInIndex = 0; path = LNLoginKit.bundle; sourceTree = BUILT_PRODUCTS_DIR; };
		846D05D81E0D3F58005A53A2 /* Info.plist */ = {isa = PBXFileReference; lastKnownFileType = text.plist.xml; path = Info.plist; sourceTree = "<group>"; };
		84ADBB2C1E0D4E17008BC8B6 /* Login.storyboard */ = {isa = PBXFileReference; fileEncoding = 4; lastKnownFileType = file.storyboard; path = Login.storyboard; sourceTree = "<group>"; };
		84C200011E113A520006F985 /* Assets.xcassets */ = {isa = PBXFileReference; lastKnownFileType = folder.assetcatalog; path = Assets.xcassets; sourceTree = "<group>"; };
/* End PBXFileReference section */

/* Begin PBXFrameworksBuildPhase section */
		846D05D21E0D3F58005A53A2 /* Frameworks */ = {
			isa = PBXFrameworksBuildPhase;
			buildActionMask = 2147483647;
			files = (
			);
			runOnlyForDeploymentPostprocessing = 0;
		};
/* End PBXFrameworksBuildPhase section */

/* Begin PBXGroup section */
		846D05CC1E0D3F58005A53A2 = {
			isa = PBXGroup;
			children = (
				846D05D71E0D3F58005A53A2 /* LNLoginKit */,
				846D05D61E0D3F58005A53A2 /* Products */,
			);
			sourceTree = "<group>";
		};
		846D05D61E0D3F58005A53A2 /* Products */ = {
			isa = PBXGroup;
			children = (
				846D05D51E0D3F58005A53A2 /* LNLoginKit.bundle */,
			);
			name = Products;
			sourceTree = "<group>";
		};
		846D05D71E0D3F58005A53A2 /* LNLoginKit */ = {
			isa = PBXGroup;
			children = (
				84C200011E113A520006F985 /* Assets.xcassets */,
				84ADBB2C1E0D4E17008BC8B6 /* Login.storyboard */,
				846D05D81E0D3F58005A53A2 /* Info.plist */,
			);
			path = LNLoginKit;
			sourceTree = "<group>";
		};
/* End PBXGroup section */

/* Begin PBXNativeTarget section */
		846D05D41E0D3F58005A53A2 /* LNLoginKit */ = {
			isa = PBXNativeTarget;
			buildConfigurationList = 846D05DB1E0D3F58005A53A2 /* Build configuration list for PBXNativeTarget "LNLoginKit" */;
			buildPhases = (
				846D05D11E0D3F58005A53A2 /* Sources */,
				846D05D21E0D3F58005A53A2 /* Frameworks */,
				846D05D31E0D3F58005A53A2 /* Resources */,
			);
			buildRules = (
			);
			dependencies = (
			);
			name = LNLoginKit;
			productName = LNLoginKit;
			productReference = 846D05D51E0D3F58005A53A2 /* LNLoginKit.bundle */;
			productType = "com.apple.product-type.bundle";
		};
/* End PBXNativeTarget section */

/* Begin PBXProject section */
		846D05CD1E0D3F58005A53A2 /* Project object */ = {
			isa = PBXProject;
			attributes = {
				LastUpgradeCheck = 0820;
				ORGANIZATIONNAME = LN;
				TargetAttributes = {
					846D05D41E0D3F58005A53A2 = {
						CreatedOnToolsVersion = 8.2;
						DevelopmentTeam = 95BEHJJ986;
						ProvisioningStyle = Automatic;
					};
				};
			};
			buildConfigurationList = 846D05D01E0D3F58005A53A2 /* Build configuration list for PBXProject "LNLoginKit" */;
			compatibilityVersion = "Xcode 3.2";
			developmentRegion = English;
			hasScannedForEncodings = 0;
			knownRegions = (
				en,
			);
			mainGroup = 846D05CC1E0D3F58005A53A2;
			productRefGroup = 846D05D61E0D3F58005A53A2 /* Products */;
			projectDirPath = "";
			projectRoot = "";
			targets = (
				846D05D41E0D3F58005A53A2 /* LNLoginKit */,
			);
		};
/* End PBXProject section */

/* Begin PBXResourcesBuildPhase section */
		846D05D31E0D3F58005A53A2 /* Resources */ = {
			isa = PBXResourcesBuildPhase;
			buildActionMask = 2147483647;
			files = (
				84C200021E113A520006F985 /* Assets.xcassets in Resources */,
				84ADBB2D1E0D4E17008BC8B6 /* Login.storyboard in Resources */,
			);
			runOnlyForDeploymentPostprocessing = 0;
		};
/* End PBXResourcesBuildPhase section */

/* Begin PBXSourcesBuildPhase section */
		846D05D11E0D3F58005A53A2 /* Sources */ = {
			isa = PBXSourcesBuildPhase;
			buildActionMask = 2147483647;
			files = (
			);
			runOnlyForDeploymentPostprocessing = 0;
		};
/* End PBXSourcesBuildPhase section */

/* Begin XCBuildConfiguration section */
		846D05D91E0D3F58005A53A2 /* Debug */ = {
			isa = XCBuildConfiguration;
			buildSettings = {
				ALWAYS_SEARCH_USER_PATHS = NO;
				CLANG_ANALYZER_NONNULL = YES;
				CLANG_CXX_LANGUAGE_STANDARD = "gnu++0x";
				CLANG_CXX_LIBRARY = "libc++";
				CLANG_ENABLE_MODULES = YES;
				CLANG_ENABLE_OBJC_ARC = YES;
				CLANG_WARN_BOOL_CONVERSION = YES;
				CLANG_WARN_CONSTANT_CONVERSION = YES;
				CLANG_WARN_DIRECT_OBJC_ISA_USAGE = YES_ERROR;
				CLANG_WARN_DOCUMENTATION_COMMENTS = YES;
				CLANG_WARN_EMPTY_BODY = YES;
				CLANG_WARN_ENUM_CONVERSION = YES;
				CLANG_WARN_INFINITE_RECURSION = YES;
				CLANG_WARN_INT_CONVERSION = YES;
				CLANG_WARN_OBJC_ROOT_CLASS = YES_ERROR;
				CLANG_WARN_SUSPICIOUS_MOVE = YES;
				CLANG_WARN_UNREACHABLE_CODE = YES;
				CLANG_WARN__DUPLICATE_METHOD_MATCH = YES;
				CODE_SIGN_IDENTITY = "-";
				COPY_PHASE_STRIP = NO;
				DEBUG_INFORMATION_FORMAT = dwarf;
				ENABLE_STRICT_OBJC_MSGSEND = YES;
				ENABLE_TESTABILITY = YES;
				GCC_C_LANGUAGE_STANDARD = gnu99;
				GCC_DYNAMIC_NO_PIC = NO;
				GCC_NO_COMMON_BLOCKS = YES;
				GCC_OPTIMIZATION_LEVEL = 0;
				GCC_PREPROCESSOR_DEFINITIONS = (
					"DEBUG=1",
					"$(inherited)",
				);
				GCC_WARN_64_TO_32_BIT_CONVERSION = YES;
				GCC_WARN_ABOUT_RETURN_TYPE = YES_ERROR;
				GCC_WARN_UNDECLARED_SELECTOR = YES;
				GCC_WARN_UNINITIALIZED_AUTOS = YES_AGGRESSIVE;
				GCC_WARN_UNUSED_FUNCTION = YES;
				GCC_WARN_UNUSED_VARIABLE = YES;
				MACOSX_DEPLOYMENT_TARGET = 10.11;
				MTL_ENABLE_DEBUG_INFO = YES;
				ONLY_ACTIVE_ARCH = YES;
				SDKROOT = macosx;
			};
			name = Debug;
		};
		846D05DA1E0D3F58005A53A2 /* Release */ = {
			isa = XCBuildConfiguration;
			buildSettings = {
				ALWAYS_SEARCH_USER_PATHS = NO;
				CLANG_ANALYZER_NONNULL = YES;
				CLANG_CXX_LANGUAGE_STANDARD = "gnu++0x";
				CLANG_CXX_LIBRARY = "libc++";
				CLANG_ENABLE_MODULES = YES;
				CLANG_ENABLE_OBJC_ARC = YES;
				CLANG_WARN_BOOL_CONVERSION = YES;
				CLANG_WARN_CONSTANT_CONVERSION = YES;
				CLANG_WARN_DIRECT_OBJC_ISA_USAGE = YES_ERROR;
				CLANG_WARN_DOCUMENTATION_COMMENTS = YES;
				CLANG_WARN_EMPTY_BODY = YES;
				CLANG_WARN_ENUM_CONVERSION = YES;
				CLANG_WARN_INFINITE_RECURSION = YES;
				CLANG_WARN_INT_CONVERSION = YES;
				CLANG_WARN_OBJC_ROOT_CLASS = YES_ERROR;
				CLANG_WARN_SUSPICIOUS_MOVE = YES;
				CLANG_WARN_UNREACHABLE_CODE = YES;
				CLANG_WARN__DUPLICATE_METHOD_MATCH = YES;
				CODE_SIGN_IDENTITY = "-";
				COPY_PHASE_STRIP = NO;
				DEBUG_INFORMATION_FORMAT = "dwarf-with-dsym";
				ENABLE_NS_ASSERTIONS = NO;
				ENABLE_STRICT_OBJC_MSGSEND = YES;
				GCC_C_LANGUAGE_STANDARD = gnu99;
				GCC_NO_COMMON_BLOCKS = YES;
				GCC_WARN_64_TO_32_BIT_CONVERSION = YES;
				GCC_WARN_ABOUT_RETURN_TYPE = YES_ERROR;
				GCC_WARN_UNDECLARED_SELECTOR = YES;
				GCC_WARN_UNINITIALIZED_AUTOS = YES_AGGRESSIVE;
				GCC_WARN_UNUSED_FUNCTION = YES;
				GCC_WARN_UNUSED_VARIABLE = YES;
				MACOSX_DEPLOYMENT_TARGET = 10.11;
				MTL_ENABLE_DEBUG_INFO = NO;
				SDKROOT = macosx;
			};
			name = Release;
		};
		846D05DC1E0D3F58005A53A2 /* Debug */ = {
			isa = XCBuildConfiguration;
			buildSettings = {
				COMBINE_HIDPI_IMAGES = YES;
				DEVELOPMENT_TEAM = 95BEHJJ986;
				INFOPLIST_FILE = LNLoginKit/Info.plist;
				INSTALL_PATH = "$(LOCAL_LIBRARY_DIR)/Bundles";
				PRODUCT_BUNDLE_IDENTIFIER = com.ln.LNLoginKit;
				PRODUCT_NAME = "$(TARGET_NAME)";
				SDKROOT = iphoneos;
				SKIP_INSTALL = YES;
				WRAPPER_EXTENSION = bundle;
			};
			name = Debug;
		};
		846D05DD1E0D3F58005A53A2 /* Release */ = {
			isa = XCBuildConfiguration;
			buildSettings = {
				COMBINE_HIDPI_IMAGES = YES;
				DEVELOPMENT_TEAM = 95BEHJJ986;
				INFOPLIST_FILE = LNLoginKit/Info.plist;
				INSTALL_PATH = "$(LOCAL_LIBRARY_DIR)/Bundles";
				PRODUCT_BUNDLE_IDENTIFIER = com.ln.LNLoginKit;
				PRODUCT_NAME = "$(TARGET_NAME)";
				SDKROOT = iphoneos;
				SKIP_INSTALL = YES;
				WRAPPER_EXTENSION = bundle;
			};
			name = Release;
		};
/* End XCBuildConfiguration section */

/* Begin XCConfigurationList section */
		846D05D01E0D3F58005A53A2 /* Build configuration list for PBXProject "LNLoginKit" */ = {
			isa = XCConfigurationList;
			buildConfigurations = (
				846D05D91E0D3F58005A53A2 /* Debug */,
				846D05DA1E0D3F58005A53A2 /* Release */,
			);
			defaultConfigurationIsVisible = 0;
			defaultConfigurationName = Release;
		};
		846D05DB1E0D3F58005A53A2 /* Build configuration list for PBXNativeTarget "LNLoginKit" */ = {
			isa = XCConfigurationList;
			buildConfigurations = (
				846D05DC1E0D3F58005A53A2 /* Debug */,
				846D05DD1E0D3F58005A53A2 /* Release */,
			);
			defaultConfigurationIsVisible = 0;
			defaultConfigurationName = Release;
		};
/* End XCConfigurationList section */
	};
	rootObject = 846D05CD1E0D3F58005A53A2 /* Project object */;
}
